
Microsoft Visual Studio Solution File, Format Version 12.00
# Visual Studio Version 17
VisualStudioVersion = 17.3.32819.101
MinimumVisualStudioVersion = 10.0.40219.1
Project("{FAE04EC0-301F-11D3-BF4B-00C04F79EFBC}") = "WebApiApp", "WebApplication\WebApiApp.csproj", "{39F6047F-7B09-48C5-AAC2-1259C67316D6}"
EndProject
Global
	GlobalSection(SolutionConfigurationPlatforms) = preSolution
		Debug|Any CPU = Debug|Any CPU
		Release|Any CPU = Release|Any CPU
	EndGlobalSection
	GlobalSection(ProjectConfigurationPlatforms) = postSolution
		{39F6047F-7B09-48C5-AAC2-1259C67316D6}.Debug|Any CPU.ActiveCfg = Debug|Any CPU
		{39F6047F-7B09-48C5-AAC2-1259C67316D6}.Debug|Any CPU.Build.0 = Debug|Any CPU
		{39F6047F-7B09-48C5-AAC2-1259C67316D6}.Release|Any CPU.ActiveCfg = Release|Any CPU
		{39F6047F-7B09-48C5-AAC2-1259C67316D6}.Release|Any CPU.Build.0 = Release|Any CPU
	EndGlobalSection
	GlobalSection(SolutionProperties) = preSolution
		HideSolutionNode = FALSE
	EndGlobalSection
	GlobalSection(ExtensibilityGlobals) = postSolution
		SolutionGuid = {0F683834-980B-4B26-807B-0A315A489C8A}
	EndGlobalSection
EndGlobal
